
Microsoft Visual Studio Solution File, Format Version 12.00
# Visual Studio 14
VisualStudioVersion = 14.0.25420.1
MinimumVisualStudioVersion = 10.0.40219.1
Project("{FAE04EC0-301F-11D3-BF4B-00C04F79EFBC}") = "Service", "Service\Service.csproj", "{45A20CF1-4330-42C2-97D2-A4CAC186724D}"
EndProject
Project("{FAE04EC0-301F-11D3-BF4B-00C04F79EFBC}") = "MongoRepository.Net45", "MongoRepository\MongoRepository.Net45.csproj", "{CE75B2FE-C027-42F6-8D00-E44CC38BE7C7}"
EndProject
Project("{8BB2217D-0F2D-49D1-97BC-3654ED321F3B}") = "Client", "Client\Client.xproj", "{2E007299-1DBF-419A-9365-3649DAA61F3B}"
EndProject
Project("{FAE04EC0-301F-11D3-BF4B-00C04F79EFBC}") = "Service.Tests", "Service.Tests\Service.Tests.csproj", "{46CFD07D-5F9C-427F-A86B-8A1B08BDE9CC}"
EndProject
Project("{FAE04EC0-301F-11D3-BF4B-00C04F79EFBC}") = "Host", "Host\Host.csproj", "{15DEE71B-D087-4987-B3E3-02ACCF62BD5E}"
EndProject
Global
	GlobalSection(SolutionConfigurationPlatforms) = preSolution
		Debug|Any CPU = Debug|Any CPU
		Release|Any CPU = Release|Any CPU
	EndGlobalSection
	GlobalSection(ProjectConfigurationPlatforms) = postSolution
		{45A20CF1-4330-42C2-97D2-A4CAC186724D}.Debug|Any CPU.ActiveCfg = Debug|Any CPU
		{45A20CF1-4330-42C2-97D2-A4CAC186724D}.Debug|Any CPU.Build.0 = Debug|Any CPU
		{45A20CF1-4330-42C2-97D2-A4CAC186724D}.Release|Any CPU.ActiveCfg = Release|Any CPU
		{45A20CF1-4330-42C2-97D2-A4CAC186724D}.Release|Any CPU.Build.0 = Release|Any CPU
		{CE75B2FE-C027-42F6-8D00-E44CC38BE7C7}.Debug|Any CPU.ActiveCfg = Debug|Any CPU
		{CE75B2FE-C027-42F6-8D00-E44CC38BE7C7}.Debug|Any CPU.Build.0 = Debug|Any CPU
		{CE75B2FE-C027-42F6-8D00-E44CC38BE7C7}.Release|Any CPU.ActiveCfg = Release|Any CPU
		{CE75B2FE-C027-42F6-8D00-E44CC38BE7C7}.Release|Any CPU.Build.0 = Release|Any CPU
		{2E007299-1DBF-419A-9365-3649DAA61F3B}.Debug|Any CPU.ActiveCfg = Debug|Any CPU
		{2E007299-1DBF-419A-9365-3649DAA61F3B}.Debug|Any CPU.Build.0 = Debug|Any CPU
		{2E007299-1DBF-419A-9365-3649DAA61F3B}.Release|Any CPU.ActiveCfg = Release|Any CPU
		{2E007299-1DBF-419A-9365-3649DAA61F3B}.Release|Any CPU.Build.0 = Release|Any CPU
		{46CFD07D-5F9C-427F-A86B-8A1B08BDE9CC}.Debug|Any CPU.ActiveCfg = Debug|Any CPU
		{46CFD07D-5F9C-427F-A86B-8A1B08BDE9CC}.Debug|Any CPU.Build.0 = Debug|Any CPU
		{46CFD07D-5F9C-427F-A86B-8A1B08BDE9CC}.Release|Any CPU.ActiveCfg = Release|Any CPU
		{46CFD07D-5F9C-427F-A86B-8A1B08BDE9CC}.Release|Any CPU.Build.0 = Release|Any CPU
		{15DEE71B-D087-4987-B3E3-02ACCF62BD5E}.Debug|Any CPU.ActiveCfg = Debug|Any CPU
		{15DEE71B-D087-4987-B3E3-02ACCF62BD5E}.Debug|Any CPU.Build.0 = Debug|Any CPU
		{15DEE71B-D087-4987-B3E3-02ACCF62BD5E}.Release|Any CPU.ActiveCfg = Release|Any CPU
		{15DEE71B-D087-4987-B3E3-02ACCF62BD5E}.Release|Any CPU.Build.0 = Release|Any CPU
	EndGlobalSection
	GlobalSection(SolutionProperties) = preSolution
		HideSolutionNode = FALSE
	EndGlobalSection
EndGlobal
